// !$*UTF8*$!
{
	archiveVersion = 1;
	classes = {
	};
	objectVersion = 46;
	objects = {

/* Begin PBXBuildFile section */
		1BA1E127C32292DA54E69B2B /* Pods_JHNewsDetail.framework in Frameworks */ = {isa = PBXBuildFile; fileRef = 57E6591A8B21BC3F122E92B5 /* Pods_JHNewsDetail.framework */; };
		9D68ECFE1D9F859F00242289 /* index.html in Resources */ = {isa = PBXBuildFile; fileRef = 9D68ECE51D9F859F00242289 /* index.html */; settings = {ASSET_TAGS = (); }; };
		9D68ECFF1D9F859F00242289 /* newsDetail.css in Resources */ = {isa = PBXBuildFile; fileRef = 9D68ECE61D9F859F00242289 /* newsDetail.css */; settings = {ASSET_TAGS = (); }; };
		9D68ED001D9F859F00242289 /* newsDetail.js in Resources */ = {isa = PBXBuildFile; fileRef = 9D68ECE71D9F859F00242289 /* newsDetail.js */; settings = {ASSET_TAGS = (); }; };
		9D68ED011D9F859F00242289 /* ViewController.swift in Sources */ = {isa = PBXBuildFile; fileRef = 9D68ECE91D9F859F00242289 /* ViewController.swift */; settings = {ASSET_TAGS = (); }; };
		9D68ED021D9F859F00242289 /* AppDelegate.swift in Sources */ = {isa = PBXBuildFile; fileRef = 9D68ECEB1D9F859F00242289 /* AppDelegate.swift */; settings = {ASSET_TAGS = (); }; };
		9D68ED031D9F859F00242289 /* Assets.xcassets in Resources */ = {isa = PBXBuildFile; fileRef = 9D68ECEC1D9F859F00242289 /* Assets.xcassets */; settings = {ASSET_TAGS = (); }; };
		9D68ED041D9F859F00242289 /* LaunchScreen.storyboard in Resources */ = {isa = PBXBuildFile; fileRef = 9D68ECED1D9F859F00242289 /* LaunchScreen.storyboard */; settings = {ASSET_TAGS = (); }; };
		9D68ED051D9F859F00242289 /* Main.storyboard in Resources */ = {isa = PBXBuildFile; fileRef = 9D68ECEF1D9F859F00242289 /* Main.storyboard */; settings = {ASSET_TAGS = (); }; };
		9D68ED061D9F859F00242289 /* Info.plist in Resources */ = {isa = PBXBuildFile; fileRef = 9D68ECF11D9F859F00242289 /* Info.plist */; settings = {ASSET_TAGS = (); }; };
		9D68ED071D9F859F00242289 /* JHCommon.swift in Sources */ = {isa = PBXBuildFile; fileRef = 9D68ECF21D9F859F00242289 /* JHCommon.swift */; settings = {ASSET_TAGS = (); }; };
		9D68ED081D9F859F00242289 /* DetailVC.swift in Sources */ = {isa = PBXBuildFile; fileRef = 9D68ECF51D9F859F00242289 /* DetailVC.swift */; settings = {ASSET_TAGS = (); }; };
		9D68ED091D9F859F00242289 /* DetailVC.xib in Resources */ = {isa = PBXBuildFile; fileRef = 9D68ECF61D9F859F00242289 /* DetailVC.xib */; settings = {ASSET_TAGS = (); }; };
		9D68ED0A1D9F859F00242289 /* DetailFlowLayout.swift in Sources */ = {isa = PBXBuildFile; fileRef = 9D68ECF81D9F859F00242289 /* DetailFlowLayout.swift */; settings = {ASSET_TAGS = (); }; };
		9D68ED0B1D9F859F00242289 /* JHImgModel.swift in Sources */ = {isa = PBXBuildFile; fileRef = 9D68ECFA1D9F859F00242289 /* JHImgModel.swift */; settings = {ASSET_TAGS = (); }; };
		9D68ED0C1D9F859F00242289 /* DetailCell.swift in Sources */ = {isa = PBXBuildFile; fileRef = 9D68ECFC1D9F859F00242289 /* DetailCell.swift */; settings = {ASSET_TAGS = (); }; };
		9D68ED0D1D9F859F00242289 /* DetailCell.xib in Resources */ = {isa = PBXBuildFile; fileRef = 9D68ECFD1D9F859F00242289 /* DetailCell.xib */; settings = {ASSET_TAGS = (); }; };
/* End PBXBuildFile section */

/* Begin PBXFileReference section */
		57E6591A8B21BC3F122E92B5 /* Pods_JHNewsDetail.framework */ = {isa = PBXFileReference; explicitFileType = wrapper.framework; includeInIndex = 0; path = Pods_JHNewsDetail.framework; sourceTree = BUILT_PRODUCTS_DIR; };
		6E4AE3E85F004DE86C94D666 /* Pods-JHNewsDetail.release.xcconfig */ = {isa = PBXFileReference; includeInIndex = 1; lastKnownFileType = text.xcconfig; name = "Pods-JHNewsDetail.release.xcconfig"; path = "Pods/Target Support Files/Pods-JHNewsDetail/Pods-JHNewsDetail.release.xcconfig"; sourceTree = "<group>"; };
		9D68ECCF1D9F84E300242289 /* JHNewsDetail.app */ = {isa = PBXFileReference; explicitFileType = wrapper.application; includeInIndex = 0; path = JHNewsDetail.app; sourceTree = BUILT_PRODUCTS_DIR; };
		9D68ECE51D9F859F00242289 /* index.html */ = {isa = PBXFileReference; fileEncoding = 4; lastKnownFileType = text.html; path = index.html; sourceTree = "<group>"; };
		9D68ECE61D9F859F00242289 /* newsDetail.css */ = {isa = PBXFileReference; fileEncoding = 4; lastKnownFileType = text.css; path = newsDetail.css; sourceTree = "<group>"; };
		9D68ECE71D9F859F00242289 /* newsDetail.js */ = {isa = PBXFileReference; fileEncoding = 4; lastKnownFileType = sourcecode.javascript; path = newsDetail.js; sourceTree = "<group>"; };
		9D68ECE91D9F859F00242289 /* ViewController.swift */ = {isa = PBXFileReference; fileEncoding = 4; lastKnownFileType = sourcecode.swift; path = ViewController.swift; sourceTree = "<group>"; };
		9D68ECEB1D9F859F00242289 /* AppDelegate.swift */ = {isa = PBXFileReference; fileEncoding = 4; lastKnownFileType = sourcecode.swift; path = AppDelegate.swift; sourceTree = "<group>"; };
		9D68ECEC1D9F859F00242289 /* Assets.xcassets */ = {isa = PBXFileReference; lastKnownFileType = folder.assetcatalog; path = Assets.xcassets; sourceTree = "<group>"; };
		9D68ECEE1D9F859F00242289 /* Base */ = {isa = PBXFileReference; lastKnownFileType = file.storyboard; name = Base; path = Base.lproj/LaunchScreen.storyboard; sourceTree = "<group>"; };
		9D68ECF01D9F859F00242289 /* Base */ = {isa = PBXFileReference; lastKnownFileType = file.storyboard; name = Base; path = Base.lproj/Main.storyboard; sourceTree = "<group>"; };
		9D68ECF11D9F859F00242289 /* Info.plist */ = {isa = PBXFileReference; fileEncoding = 4; lastKnownFileType = text.plist.xml; path = Info.plist; sourceTree = "<group>"; };
		9D68ECF21D9F859F00242289 /* JHCommon.swift */ = {isa = PBXFileReference; fileEncoding = 4; lastKnownFileType = sourcecode.swift; path = JHCommon.swift; sourceTree = "<group>"; };
		9D68ECF51D9F859F00242289 /* DetailVC.swift */ = {isa = PBXFileReference; fileEncoding = 4; lastKnownFileType = sourcecode.swift; path = DetailVC.swift; sourceTree = "<group>"; };
		9D68ECF61D9F859F00242289 /* DetailVC.xib */ = {isa = PBXFileReference; fileEncoding = 4; lastKnownFileType = file.xib; path = DetailVC.xib; sourceTree = "<group>"; };
		9D68ECF81D9F859F00242289 /* DetailFlowLayout.swift */ = {isa = PBXFileReference; fileEncoding = 4; lastKnownFileType = sourcecode.swift; path = DetailFlowLayout.swift; sourceTree = "<group>"; };
		9D68ECFA1D9F859F00242289 /* JHImgModel.swift */ = {isa = PBXFileReference; fileEncoding = 4; lastKnownFileType = sourcecode.swift; path = JHImgModel.swift; sourceTree = "<group>"; };
		9D68ECFC1D9F859F00242289 /* DetailCell.swift */ = {isa = PBXFileReference; fileEncoding = 4; lastKnownFileType = sourcecode.swift; path = DetailCell.swift; sourceTree = "<group>"; };
		9D68ECFD1D9F859F00242289 /* DetailCell.xib */ = {isa = PBXFileReference; fileEncoding = 4; lastKnownFileType = file.xib; path = DetailCell.xib; sourceTree = "<group>"; };
		DC79C6D53D9CD2D33FB3142A /* Pods-JHNewsDetail.debug.xcconfig */ = {isa = PBXFileReference; includeInIndex = 1; lastKnownFileType = text.xcconfig; name = "Pods-JHNewsDetail.debug.xcconfig"; path = "Pods/Target Support Files/Pods-JHNewsDetail/Pods-JHNewsDetail.debug.xcconfig"; sourceTree = "<group>"; };
/* End PBXFileReference section */

/* Begin PBXFrameworksBuildPhase section */
		9D68ECCC1D9F84E300242289 /* Frameworks */ = {
			isa = PBXFrameworksBuildPhase;
			buildActionMask = 2147483647;
			files = (
				1BA1E127C32292DA54E69B2B /* Pods_JHNewsDetail.framework in Frameworks */,
			);
			runOnlyForDeploymentPostprocessing = 0;
		};
/* End PBXFrameworksBuildPhase section */

/* Begin PBXGroup section */
		8AE1D633D08162493C823EA6 /* Frameworks */ = {
			isa = PBXGroup;
			children = (
				57E6591A8B21BC3F122E92B5 /* Pods_JHNewsDetail.framework */,
			);
			name = Frameworks;
			sourceTree = "<group>";
		};
		9D68ECC61D9F84E300242289 = {
			isa = PBXGroup;
			children = (
				9D68ECD11D9F84E300242289 /* JHNewsDetail */,
				9D68ECD01D9F84E300242289 /* Products */,
				AD57835189593B27EC2F679E /* Pods */,
				8AE1D633D08162493C823EA6 /* Frameworks */,
			);
			sourceTree = "<group>";
		};
		9D68ECD01D9F84E300242289 /* Products */ = {
			isa = PBXGroup;
			children = (
				9D68ECCF1D9F84E300242289 /* JHNewsDetail.app */,
			);
			name = Products;
			sourceTree = "<group>";
		};
		9D68ECD11D9F84E300242289 /* JHNewsDetail */ = {
			isa = PBXGroup;
			children = (
				9D68ECE41D9F859F00242289 /* Html */,
				9D68ECE81D9F859F00242289 /* Main */,
				9D68ECEA1D9F859F00242289 /* Other */,
				9D68ECF31D9F859F00242289 /* PhotoBrower */,
			);
			path = JHNewsDetail;
			sourceTree = "<group>";
		};
		9D68ECE41D9F859F00242289 /* Html */ = {
			isa = PBXGroup;
			children = (
				9D68ECE51D9F859F00242289 /* index.html */,
				9D68ECE61D9F859F00242289 /* newsDetail.css */,
				9D68ECE71D9F859F00242289 /* newsDetail.js */,
			);
			path = Html;
			sourceTree = "<group>";
		};
		9D68ECE81D9F859F00242289 /* Main */ = {
			isa = PBXGroup;
			children = (
				9D68ECE91D9F859F00242289 /* ViewController.swift */,
			);
			path = Main;
			sourceTree = "<group>";
		};
		9D68ECEA1D9F859F00242289 /* Other */ = {
			isa = PBXGroup;
			children = (
				9D68ECEB1D9F859F00242289 /* AppDelegate.swift */,
				9D68ECEC1D9F859F00242289 /* Assets.xcassets */,
				9D68ECED1D9F859F00242289 /* LaunchScreen.storyboard */,
				9D68ECEF1D9F859F00242289 /* Main.storyboard */,
				9D68ECF11D9F859F00242289 /* Info.plist */,
				9D68ECF21D9F859F00242289 /* JHCommon.swift */,
			);
			path = Other;
			sourceTree = "<group>";
		};
		9D68ECF31D9F859F00242289 /* PhotoBrower */ = {
			isa = PBXGroup;
			children = (
				9D68ECF41D9F859F00242289 /* Controller */,
				9D68ECF71D9F859F00242289 /* Layout */,
				9D68ECF91D9F859F00242289 /* Model */,
				9D68ECFB1D9F859F00242289 /* View */,
			);
			path = PhotoBrower;
			sourceTree = "<group>";
		};
		9D68ECF41D9F859F00242289 /* Controller */ = {
			isa = PBXGroup;
			children = (
				9D68ECF51D9F859F00242289 /* DetailVC.swift */,
				9D68ECF61D9F859F00242289 /* DetailVC.xib */,
			);
			path = Controller;
			sourceTree = "<group>";
		};
		9D68ECF71D9F859F00242289 /* Layout */ = {
			isa = PBXGroup;
			children = (
				9D68ECF81D9F859F00242289 /* DetailFlowLayout.swift */,
			);
			path = Layout;
			sourceTree = "<group>";
		};
		9D68ECF91D9F859F00242289 /* Model */ = {
			isa = PBXGroup;
			children = (
				9D68ECFA1D9F859F00242289 /* JHImgModel.swift */,
			);
			path = Model;
			sourceTree = "<group>";
		};
		9D68ECFB1D9F859F00242289 /* View */ = {
			isa = PBXGroup;
			children = (
				9D68ECFC1D9F859F00242289 /* DetailCell.swift */,
				9D68ECFD1D9F859F00242289 /* DetailCell.xib */,
			);
			path = View;
			sourceTree = "<group>";
		};
		AD57835189593B27EC2F679E /* Pods */ = {
			isa = PBXGroup;
			children = (
				DC79C6D53D9CD2D33FB3142A /* Pods-JHNewsDetail.debug.xcconfig */,
				6E4AE3E85F004DE86C94D666 /* Pods-JHNewsDetail.release.xcconfig */,
			);
			name = Pods;
			sourceTree = "<group>";
		};
/* End PBXGroup section */

/* Begin PBXNativeTarget section */
		9D68ECCE1D9F84E300242289 /* JHNewsDetail */ = {
			isa = PBXNativeTarget;
			buildConfigurationList = 9D68ECE11D9F84E300242289 /* Build configuration list for PBXNativeTarget "JHNewsDetail" */;
			buildPhases = (
				B340336107E4FF314D53D141 /* [CP] Check Pods Manifest.lock */,
				9D68ECCB1D9F84E300242289 /* Sources */,
				9D68ECCC1D9F84E300242289 /* Frameworks */,
				9D68ECCD1D9F84E300242289 /* Resources */,
				D79BCEF8B432B104C3EBD9B1 /* [CP] Embed Pods Frameworks */,
				51632A64C50E85C92F1CDEA2 /* [CP] Copy Pods Resources */,
			);
			buildRules = (
			);
			dependencies = (
			);
			name = JHNewsDetail;
			productName = JHNewsDetail;
			productReference = 9D68ECCF1D9F84E300242289 /* JHNewsDetail.app */;
			productType = "com.apple.product-type.application";
		};
/* End PBXNativeTarget section */

/* Begin PBXProject section */
		9D68ECC71D9F84E300242289 /* Project object */ = {
			isa = PBXProject;
			attributes = {
				LastUpgradeCheck = 0700;
				ORGANIZATIONNAME = "叶建华";
				TargetAttributes = {
					9D68ECCE1D9F84E300242289 = {
						CreatedOnToolsVersion = 7.0.1;
					};
				};
			};
			buildConfigurationList = 9D68ECCA1D9F84E300242289 /* Build configuration list for PBXProject "JHNewsDetail" */;
			compatibilityVersion = "Xcode 3.2";
			developmentRegion = English;
			hasScannedForEncodings = 0;
			knownRegions = (
				en,
				Base,
			);
			mainGroup = 9D68ECC61D9F84E300242289;
			productRefGroup = 9D68ECD01D9F84E300242289 /* Products */;
			projectDirPath = "";
			projectRoot = "";
			targets = (
				9D68ECCE1D9F84E300242289 /* JHNewsDetail */,
			);
		};
/* End PBXProject section */

/* Begin PBXResourcesBuildPhase section */
		9D68ECCD1D9F84E300242289 /* Resources */ = {
			isa = PBXResourcesBuildPhase;
			buildActionMask = 2147483647;
			files = (
				9D68ECFE1D9F859F00242289 /* index.html in Resources */,
				9D68ED091D9F859F00242289 /* DetailVC.xib in Resources */,
				9D68ECFF1D9F859F00242289 /* newsDetail.css in Resources */,
				9D68ED031D9F859F00242289 /* Assets.xcassets in Resources */,
				9D68ED051D9F859F00242289 /* Main.storyboard in Resources */,
				9D68ED041D9F859F00242289 /* LaunchScreen.storyboard in Resources */,
				9D68ED001D9F859F00242289 /* newsDetail.js in Resources */,
				9D68ED061D9F859F00242289 /* Info.plist in Resources */,
				9D68ED0D1D9F859F00242289 /* DetailCell.xib in Resources */,
			);
			runOnlyForDeploymentPostprocessing = 0;
		};
/* End PBXResourcesBuildPhase section */

/* Begin PBXShellScriptBuildPhase section */
		51632A64C50E85C92F1CDEA2 /* [CP] Copy Pods Resources */ = {
			isa = PBXShellScriptBuildPhase;
			buildActionMask = 2147483647;
			files = (
			);
			inputPaths = (
			);
			name = "[CP] Copy Pods Resources";
			outputPaths = (
			);
			runOnlyForDeploymentPostprocessing = 0;
			shellPath = /bin/sh;
			shellScript = "\"${SRCROOT}/Pods/Target Support Files/Pods-JHNewsDetail/Pods-JHNewsDetail-resources.sh\"\n";
			showEnvVarsInLog = 0;
		};
		B340336107E4FF314D53D141 /* [CP] Check Pods Manifest.lock */ = {
			isa = PBXShellScriptBuildPhase;
			buildActionMask = 2147483647;
			files = (
			);
			inputPaths = (
			);
			name = "[CP] Check Pods Manifest.lock";
			outputPaths = (
			);
			runOnlyForDeploymentPostprocessing = 0;
			shellPath = /bin/sh;
			shellScript = "diff \"${PODS_ROOT}/../Podfile.lock\" \"${PODS_ROOT}/Manifest.lock\" > /dev/null\nif [[ $? != 0 ]] ; then\n    cat << EOM\nerror: The sandbox is not in sync with the Podfile.lock. Run 'pod install' or update your CocoaPods installation.\nEOM\n    exit 1\nfi\n";
			showEnvVarsInLog = 0;
		};
		D79BCEF8B432B104C3EBD9B1 /* [CP] Embed Pods Frameworks */ = {
			isa = PBXShellScriptBuildPhase;
			buildActionMask = 2147483647;
			files = (
			);
			inputPaths = (
			);
			name = "[CP] Embed Pods Frameworks";
			outputPaths = (
			);
			runOnlyForDeploymentPostprocessing = 0;
			shellPath = /bin/sh;
			shellScript = "\"${SRCROOT}/Pods/Target Support Files/Pods-JHNewsDetail/Pods-JHNewsDetail-frameworks.sh\"\n";
			showEnvVarsInLog = 0;
		};
/* End PBXShellScriptBuildPhase section */

/* Begin PBXSourcesBuildPhase section */
		9D68ECCB1D9F84E300242289 /* Sources */ = {
			isa = PBXSourcesBuildPhase;
			buildActionMask = 2147483647;
			files = (
				9D68ED021D9F859F00242289 /* AppDelegate.swift in Sources */,
				9D68ED0B1D9F859F00242289 /* JHImgModel.swift in Sources */,
				9D68ED081D9F859F00242289 /* DetailVC.swift in Sources */,
				9D68ED0A1D9F859F00242289 /* DetailFlowLayout.swift in Sources */,
				9D68ED071D9F859F00242289 /* JHCommon.swift in Sources */,
				9D68ED0C1D9F859F00242289 /* DetailCell.swift in Sources */,
				9D68ED011D9F859F00242289 /* ViewController.swift in Sources */,
			);
			runOnlyForDeploymentPostprocessing = 0;
		};
/* End PBXSourcesBuildPhase section */

/* Begin PBXVariantGroup section */
		9D68ECED1D9F859F00242289 /* LaunchScreen.storyboard */ = {
			isa = PBXVariantGroup;
			children = (
				9D68ECEE1D9F859F00242289 /* Base */,
			);
			name = LaunchScreen.storyboard;
			sourceTree = "<group>";
		};
		9D68ECEF1D9F859F00242289 /* Main.storyboard */ = {
			isa = PBXVariantGroup;
			children = (
				9D68ECF01D9F859F00242289 /* Base */,
			);
			name = Main.storyboard;
			sourceTree = "<group>";
		};
/* End PBXVariantGroup section */

/* Begin XCBuildConfiguration section */
		9D68ECDF1D9F84E300242289 /* Debug */ = {
			isa = XCBuildConfiguration;
			buildSettings = {
				ALWAYS_SEARCH_USER_PATHS = NO;
				CLANG_CXX_LANGUAGE_STANDARD = "gnu++0x";
				CLANG_CXX_LIBRARY = "libc++";
				CLANG_ENABLE_MODULES = YES;
				CLANG_ENABLE_OBJC_ARC = YES;
				CLANG_WARN_BOOL_CONVERSION = YES;
				CLANG_WARN_CONSTANT_CONVERSION = YES;
				CLANG_WARN_DIRECT_OBJC_ISA_USAGE = YES_ERROR;
				CLANG_WARN_EMPTY_BODY = YES;
				CLANG_WARN_ENUM_CONVERSION = YES;
				CLANG_WARN_INT_CONVERSION = YES;
				CLANG_WARN_OBJC_ROOT_CLASS = YES_ERROR;
				CLANG_WARN_UNREACHABLE_CODE = YES;
				CLANG_WARN__DUPLICATE_METHOD_MATCH = YES;
				"CODE_SIGN_IDENTITY[sdk=iphoneos*]" = "iPhone Developer";
				COPY_PHASE_STRIP = NO;
				DEBUG_INFORMATION_FORMAT = dwarf;
				ENABLE_STRICT_OBJC_MSGSEND = YES;
				ENABLE_TESTABILITY = YES;
				GCC_C_LANGUAGE_STANDARD = gnu99;
				GCC_DYNAMIC_NO_PIC = NO;
				GCC_NO_COMMON_BLOCKS = YES;
				GCC_OPTIMIZATION_LEVEL = 0;
				GCC_PREPROCESSOR_DEFINITIONS = (
					"DEBUG=1",
					"$(inherited)",
				);
				GCC_WARN_64_TO_32_BIT_CONVERSION = YES;
				GCC_WARN_ABOUT_RETURN_TYPE = YES_ERROR;
				GCC_WARN_UNDECLARED_SELECTOR = YES;
				GCC_WARN_UNINITIALIZED_AUTOS = YES_AGGRESSIVE;
				GCC_WARN_UNUSED_FUNCTION = YES;
				GCC_WARN_UNUSED_VARIABLE = YES;
				IPHONEOS_DEPLOYMENT_TARGET = 9.0;
				MTL_ENABLE_DEBUG_INFO = YES;
				ONLY_ACTIVE_ARCH = YES;
				SDKROOT = iphoneos;
				SWIFT_OPTIMIZATION_LEVEL = "-Onone";
				TARGETED_DEVICE_FAMILY = "1,2";
			};
			name = Debug;
		};
		9D68ECE01D9F84E300242289 /* Release */ = {
			isa = XCBuildConfiguration;
			buildSettings = {
				ALWAYS_SEARCH_USER_PATHS = NO;
				CLANG_CXX_LANGUAGE_STANDARD = "gnu++0x";
				CLANG_CXX_LIBRARY = "libc++";
				CLANG_ENABLE_MODULES = YES;
				CLANG_ENABLE_OBJC_ARC = YES;
				CLANG_WARN_BOOL_CONVERSION = YES;
				CLANG_WARN_CONSTANT_CONVERSION = YES;
				CLANG_WARN_DIRECT_OBJC_ISA_USAGE = YES_ERROR;
				CLANG_WARN_EMPTY_BODY = YES;
				CLANG_WARN_ENUM_CONVERSION = YES;
				CLANG_WARN_INT_CONVERSION = YES;
				CLANG_WARN_OBJC_ROOT_CLASS = YES_ERROR;
				CLANG_WARN_UNREACHABLE_CODE = YES;
				CLANG_WARN__DUPLICATE_METHOD_MATCH = YES;
				"CODE_SIGN_IDENTITY[sdk=iphoneos*]" = "iPhone Developer";
				COPY_PHASE_STRIP = NO;
				DEBUG_INFORMATION_FORMAT = "dwarf-with-dsym";
				ENABLE_NS_ASSERTIONS = NO;
				ENABLE_STRICT_OBJC_MSGSEND = YES;
				GCC_C_LANGUAGE_STANDARD = gnu99;
				GCC_NO_COMMON_BLOCKS = YES;
				GCC_WARN_64_TO_32_BIT_CONVERSION = YES;
				GCC_WARN_ABOUT_RETURN_TYPE = YES_ERROR;
				GCC_WARN_UNDECLARED_SELECTOR = YES;
				GCC_WARN_UNINITIALIZED_AUTOS = YES_AGGRESSIVE;
				GCC_WARN_UNUSED_FUNCTION = YES;
				GCC_WARN_UNUSED_VARIABLE = YES;
				IPHONEOS_DEPLOYMENT_TARGET = 9.0;
				MTL_ENABLE_DEBUG_INFO = NO;
				SDKROOT = iphoneos;
				TARGETED_DEVICE_FAMILY = "1,2";
				VALIDATE_PRODUCT = YES;
			};
			name = Release;
		};
		9D68ECE21D9F84E300242289 /* Debug */ = {
			isa = XCBuildConfiguration;
			baseConfigurationReference = DC79C6D53D9CD2D33FB3142A /* Pods-JHNewsDetail.debug.xcconfig */;
			buildSettings = {
				ASSETCATALOG_COMPILER_APPICON_NAME = AppIcon;
				INFOPLIST_FILE = "$(SRCROOT)/JHNewsDetail/Other/Info.plist";
				LD_RUNPATH_SEARCH_PATHS = "$(inherited) @executable_path/Frameworks";
				PRODUCT_BUNDLE_IDENTIFIER = SeeMyGo.JHNewsDetail;
				PRODUCT_NAME = "$(TARGET_NAME)";
			};
			name = Debug;
		};
		9D68ECE31D9F84E300242289 /* Release */ = {
			isa = XCBuildConfiguration;
			baseConfigurationReference = 6E4AE3E85F004DE86C94D666 /* Pods-JHNewsDetail.release.xcconfig */;
			buildSettings = {
				ASSETCATALOG_COMPILER_APPICON_NAME = AppIcon;
				INFOPLIST_FILE = "$(SRCROOT)/JHNewsDetail/Other/Info.plist";
				LD_RUNPATH_SEARCH_PATHS = "$(inherited) @executable_path/Frameworks";
				PRODUCT_BUNDLE_IDENTIFIER = SeeMyGo.JHNewsDetail;
				PRODUCT_NAME = "$(TARGET_NAME)";
			};
			name = Release;
		};
/* End XCBuildConfiguration section */

/* Begin XCConfigurationList section */
		9D68ECCA1D9F84E300242289 /* Build configuration list for PBXProject "JHNewsDetail" */ = {
			isa = XCConfigurationList;
			buildConfigurations = (
				9D68ECDF1D9F84E300242289 /* Debug */,
				9D68ECE01D9F84E300242289 /* Release */,
			);
			defaultConfigurationIsVisible = 0;
			defaultConfigurationName = Release;
		};
		9D68ECE11D9F84E300242289 /* Build configuration list for PBXNativeTarget "JHNewsDetail" */ = {
			isa = XCConfigurationList;
			buildConfigurations = (
				9D68ECE21D9F84E300242289 /* Debug */,
				9D68ECE31D9F84E300242289 /* Release */,
			);
			defaultConfigurationIsVisible = 0;
			defaultConfigurationName = Release;
		};
/* End XCConfigurationList section */
	};
	rootObject = 9D68ECC71D9F84E300242289 /* Project object */;
}
